<?xml version="1.0" encoding="utf-8"?>
<Project ToolsVersion="4.0" xmlns="http://schemas.microsoft.com/developer/msbuild/2003">
  <ItemGroup>
    <Filter Include="Figures Classes">
      <UniqueIdentifier>{4cc0cf48-df46-46a1-a59b-ffb63f7dd89f}</UniqueIdentifier>
    </Filter>
    <Filter Include="Action Classes">
      <UniqueIdentifier>{cc2f4f46-2b97-4337-b924-0771e382c57b}</UniqueIdentifier>
    </Filter>
    <Filter Include="GUI Classes">
      <UniqueIdentifier>{03fd4e0d-92e0-4271-bb9b-d6e9f21ec35f}</UniqueIdentifier>
    </Filter>
    <Filter Include="Application Manager">
      <UniqueIdentifier>{be3a4e10-d854-4bf8-9add-2f85904b4103}</UniqueIdentifier>
    </Filter>
    <Filter Include="DataManager">
      <UniqueIdentifier>{a6088227-53ac-40e9-89c6-02afa7ef5799}</UniqueIdentifier>
    </Filter>
  </ItemGroup>
  <ItemGroup>
    <ClCompile Include="Figures\CFigure.cpp">
      <Filter>Figures Classes</Filter>
    </ClCompile>
    <ClCompile Include="Figures\CRectangle.cpp">
      <Filter>Figures Classes</Filter>
    </ClCompile>
    <ClCompile Include="Actions\AddRectAction.cpp">
      <Filter>Action Classes</Filter>
    </ClCompile>
    <ClCompile Include="GUI\Input.cpp">
      <Filter>GUI Classes</Filter>
    </ClCompile>
    <ClCompile Include="GUI\Output.cpp">
      <Filter>GUI Classes</Filter>
    </ClCompile>
    <ClCompile Include="ApplicationManager.cpp">
      <Filter>Application Manager</Filter>
    </ClCompile>
    <ClCompile Include="main.cpp" />
    <ClCompile Include="Figures\CCircle.cpp">
      <Filter>Figures Classes</Filter>
    </ClCompile>
    <ClCompile Include="Figures\Cline.cpp">
      <Filter>Figures Classes</Filter>
    </ClCompile>
    <ClCompile Include="Figures\CTriangle.cpp">
      <Filter>Figures Classes</Filter>
    </ClCompile>
    <ClCompile Include="Actions\AddCircleAction.cpp">
      <Filter>Action Classes</Filter>
    </ClCompile>
    <ClCompile Include="Actions\AddLineAction.cpp">
      <Filter>Action Classes</Filter>
    </ClCompile>
    <ClCompile Include="Actions\AddTriangleAction.cpp">
      <Filter>Action Classes</Filter>
    </ClCompile>
    <ClCompile Include="Actions\ZoomIn.cpp">
      <Filter>Action Classes</Filter>
    </ClCompile>
    <ClCompile Include="Actions\ZoomOut.cpp">
      <Filter>Action Classes</Filter>
    </ClCompile>
    <ClCompile Include="Actions\ChangeFigColor.cpp">
      <Filter>Action Classes</Filter>
    </ClCompile>
    <ClCompile Include="Actions\DeleteAction.cpp">
      <Filter>Action Classes</Filter>
    </ClCompile>
    <ClCompile Include="Actions\ExitAction.cpp">
      <Filter>Action Classes</Filter>
    </ClCompile>
    <ClCompile Include="Actions\ResizeAction.cpp">
      <Filter>Action Classes</Filter>
    </ClCompile>
    <ClCompile Include="Actions\SwitchToDrawMode.cpp">
      <Filter>Action Classes</Filter>
    </ClCompile>
    <ClCompile Include="Actions\SwitchToPlayMode.cpp">
      <Filter>Action Classes</Filter>
    </ClCompile>
    <ClCompile Include="Actions\CopyAction.cpp">
      <Filter>Action Classes</Filter>
    </ClCompile>
    <ClCompile Include="DataManager.cpp">
      <Filter>DataManager</Filter>
    </ClCompile>
    <ClCompile Include="Actions\PasteAction.cpp">
      <Filter>Action Classes</Filter>
    </ClCompile>
    <ClCompile Include="Actions\CutAction.cpp">
      <Filter>Action Classes</Filter>
    </ClCompile>
    <ClCompile Include="Actions\SelectAction.cpp">
      <Filter>Action Classes</Filter>
    </ClCompile>
    <ClCompile Include="Actions\SaveAction.cpp">
      <Filter>Action Classes</Filter>
    </ClCompile>
    <ClCompile Include="Actions\MoveByDrag.cpp">
      <Filter>Action Classes</Filter>
    </ClCompile>
    <ClCompile Include="Actions\LoadAction.cpp">
      <Filter>Action Classes</Filter>
    </ClCompile>
    <ClCompile Include="Actions\MultiSelectAction.cpp">
      <Filter>Action Classes</Filter>
    </ClCompile>
  </ItemGroup>
  <ItemGroup>
    <ClInclude Include="Figures\CFigure.h">
      <Filter>Figures Classes</Filter>
    </ClInclude>
    <ClInclude Include="Figures\CRectangle.h">
      <Filter>Figures Classes</Filter>
    </ClInclude>
    <ClInclude Include="Actions\Action.h">
      <Filter>Action Classes</Filter>
    </ClInclude>
    <ClInclude Include="Actions\AddRectAction.h">
      <Filter>Action Classes</Filter>
    </ClInclude>
    <ClInclude Include="GUI\Input.h">
      <Filter>GUI Classes</Filter>
    </ClInclude>
    <ClInclude Include="GUI\Output.h">
      <Filter>GUI Classes</Filter>
    </ClInclude>
    <ClInclude Include="GUI\UI_Info.h">
      <Filter>GUI Classes</Filter>
    </ClInclude>
    <ClInclude Include="ApplicationManager.h">
      <Filter>Application Manager</Filter>
    </ClInclude>
    <ClInclude Include="DEFS.h" />
    <ClInclude Include="Figures\CCircle.h">
      <Filter>Figures Classes</Filter>
    </ClInclude>
    <ClInclude Include="Figures\Cline.h">
      <Filter>Figures Classes</Filter>
    </ClInclude>
    <ClInclude Include="Figures\CTriangle.h">
      <Filter>Figures Classes</Filter>
    </ClInclude>
    <ClInclude Include="Actions\AddCircleAction.h">
      <Filter>Action Classes</Filter>
    </ClInclude>
    <ClInclude Include="Actions\AddLineAction.h">
      <Filter>Action Classes</Filter>
    </ClInclude>
    <ClInclude Include="Actions\AddTriangleAction.h">
      <Filter>Action Classes</Filter>
    </ClInclude>
    <ClInclude Include="Actions\ZoomIn.h">
      <Filter>Action Classes</Filter>
    </ClInclude>
    <ClInclude Include="Actions\ZoomOut.h">
      <Filter>Action Classes</Filter>
    </ClInclude>
    <ClInclude Include="Actions\ChangeFigColor.h">
      <Filter>Action Classes</Filter>
    </ClInclude>
    <ClInclude Include="Actions\DeleteAction.h">
      <Filter>Action Classes</Filter>
    </ClInclude>
    <ClInclude Include="Actions\ExitAction.h">
      <Filter>Action Classes</Filter>
    </ClInclude>
    <ClInclude Include="Actions\ResizeAction.h">
      <Filter>Action Classes</Filter>
    </ClInclude>
    <ClInclude Include="Actions\SwitchToDrawMode.h">
      <Filter>Action Classes</Filter>
    </ClInclude>
    <ClInclude Include="Actions\SwitchToPlayMode.h">
      <Filter>Action Classes</Filter>
    </ClInclude>
    <ClInclude Include="Actions\CopyAction.h">
      <Filter>Action Classes</Filter>
    </ClInclude>
    <ClInclude Include="DataManager.h">
      <Filter>DataManager</Filter>
    </ClInclude>
    <ClInclude Include="Actions\PasteAction.h">
      <Filter>Action Classes</Filter>
    </ClInclude>
    <ClInclude Include="Actions\CutAction.h">
      <Filter>Action Classes</Filter>
    </ClInclude>
    <ClInclude Include="Actions\SelectAction.h">
      <Filter>Action Classes</Filter>
    </ClInclude>
    <ClInclude Include="Actions\SaveAction.h">
      <Filter>Action Classes</Filter>
    </ClInclude>
    <ClInclude Include="Actions\MoveByDrag.h">
      <Filter>Action Classes</Filter>
    </ClInclude>
    <ClInclude Include="Actions\LoadAction.h">
      <Filter>Action Classes</Filter>
    </ClInclude>
    <ClInclude Include="Actions\MultiSelectAction.h">
      <Filter>Action Classes</Filter>
    </ClInclude>
  </ItemGroup>
  <ItemGroup>
    <None Include="ClassDiagram.cd" />
  </ItemGroup>
</Project>